PODS:
  - Alamofire (5.10.2)
  - Anchorage (4.5.0)
  - Moya (15.0.0):
    - Moya/Core (= 15.0.0)
  - Moya/Core (15.0.0):
    - Alamofire (~> 5.0)
  - SwiftyBeaver (2.1.1)
  - Swinject (2.9.1)

DEPENDENCIES:
  - Anchorage
  - Moya
  - SwiftyBeaver
  - Swinject

SPEC REPOS:
  trunk:
    - Alamofire
    - Anchorage
    - Moya
    - SwiftyBeaver
    - Swinject

SPEC CHECKSUMS:
  Alamofire: 7193b3b92c74a07f85569e1a6c4f4237291e7496
  Anchorage: 1961bc81c84aeed54ad7ffc697c50cd9de748ba6
  Moya: 138f0573e53411fb3dc17016add0b748dfbd78ee
  SwiftyBeaver: ade157e4f857812e7d7f15f2e3396bb8733f8a1c
  Swinject: a827d508c6270da03ec74e558e728917a888fa9b

PODFILE CHECKSUM: d93dbba8559c6b3684912b7d84562bf0666b3f09

COCOAPODS: 1.16.2
